# THIS IS AN AUTOGENERATED FILE. DO NOT EDIT THIS FILE DIRECTLY.
# yarn lockfile v1


"promise-nodeify@>= 0.1":
  version "2.0.0"
  resolved "https://registry.yarnpkg.com/promise-nodeify/-/promise-nodeify-2.0.0.tgz#14055f438cddc31c89775a132a06888b74e180b5"

"proxying-agent@>= 2.1":
  version "2.1.2"
  resolved "https://registry.yarnpkg.com/proxying-agent/-/proxying-agent-2.1.2.tgz#bd66b5f0f967725e31c0f1b38a594c622f55fd26"

tinify@^1.5.0:
  version "1.5.0"
  resolved "https://registry.yarnpkg.com/tinify/-/tinify-1.5.0.tgz#6ba2ea7e8827c845d263de3b46f4db7bad555920"
  dependencies:
    promise-nodeify ">= 0.1"
    proxying-agent ">= 2.1"
